<?xml version="1.0" encoding="utf-8"?>
<Project ToolsVersion="4.0" xmlns="http://schemas.microsoft.com/developer/msbuild/2003">
  <ItemGroup>
    <Filter Include="Source Files">
      <UniqueIdentifier>{4FC737F1-C7A5-4376-A066-2A32D752A2FF}</UniqueIdentifier>
      <Extensions>cpp;c;cc;cxx;def;odl;idl;hpj;bat;asm;asmx</Extensions>
    </Filter>
    <Filter Include="Header Files">
      <UniqueIdentifier>{93995380-89BD-4b04-88EB-625FBE52EBFB}</UniqueIdentifier>
      <Extensions>h;hh;hpp;hxx;hm;inl;inc;xsd</Extensions>
    </Filter>
    <Filter Include="Resource Files">
      <UniqueIdentifier>{67DA6AB6-F800-4c08-8B7A-83BB121AAD01}</UniqueIdentifier>
      <Extensions>rc;ico;cur;bmp;dlg;rc2;rct;bin;rgs;gif;jpg;jpeg;jpe;resx;tiff;tif;png;wav;mfcribbon-ms</Extensions>
    </Filter>
    <Filter Include="Header Files\percolation">
      <UniqueIdentifier>{e55eb9be-d69b-402a-9084-c84af72071ad}</UniqueIdentifier>
    </Filter>
    <Filter Include="Source Files\percolation">
      <UniqueIdentifier>{becdb24c-5212-4d67-8e1b-a14e9e6afc5a}</UniqueIdentifier>
    </Filter>
    <Filter Include="Source Files\graph">
      <UniqueIdentifier>{a39e4969-dbfb-4daa-ac34-9cd569d32b4d}</UniqueIdentifier>
    </Filter>
    <Filter Include="Header Files\graph">
      <UniqueIdentifier>{57424251-7ec0-4a91-9e41-979acd00d3a7}</UniqueIdentifier>
    </Filter>
    <Filter Include="Header Files\sort">
      <UniqueIdentifier>{1aec43ed-874f-4c0a-a392-c53d95b87ec8}</UniqueIdentifier>
    </Filter>
    <Filter Include="Header Files\container">
      <UniqueIdentifier>{950282ba-cc13-4646-bb1f-ed784c9c4570}</UniqueIdentifier>
    </Filter>
    <Filter Include="Header Files\tree">
      <UniqueIdentifier>{bca288a1-dba2-46e1-9f90-eeebeae9fddf}</UniqueIdentifier>
    </Filter>
    <Filter Include="Header Files\memory">
      <UniqueIdentifier>{3547c63d-7944-4414-98ce-e96f2b502cc9}</UniqueIdentifier>
    </Filter>
    <Filter Include="Source Files\container">
      <UniqueIdentifier>{2bc8042c-aef4-4cca-ae82-b38265a15810}</UniqueIdentifier>
    </Filter>
  </ItemGroup>
  <ItemGroup>
    <ClInclude Include="abstract_uf.h">
      <Filter>Header Files\percolation</Filter>
    </ClInclude>
    <ClInclude Include="perco_ini.h">
      <Filter>Header Files\percolation</Filter>
    </ClInclude>
    <ClInclude Include="perco_stat.h">
      <Filter>Header Files\percolation</Filter>
    </ClInclude>
    <ClInclude Include="percolate.h">
      <Filter>Header Files\percolation</Filter>
    </ClInclude>
    <ClInclude Include="quick_union.h">
      <Filter>Header Files\percolation</Filter>
    </ClInclude>
    <ClInclude Include="union_find.h">
      <Filter>Header Files\percolation</Filter>
    </ClInclude>
    <ClInclude Include="weighed_union.h">
      <Filter>Header Files\percolation</Filter>
    </ClInclude>
    <ClInclude Include="undirected_graph.h">
      <Filter>Header Files\graph</Filter>
    </ClInclude>
    <ClInclude Include="bfs.h">
      <Filter>Header Files\graph</Filter>
    </ClInclude>
    <ClInclude Include="dfs.h">
      <Filter>Header Files\graph</Filter>
    </ClInclude>
    <ClInclude Include="stack.h">
      <Filter>Header Files\container</Filter>
    </ClInclude>
    <ClInclude Include="directed_graph.h">
      <Filter>Header Files\graph</Filter>
    </ClInclude>
    <ClInclude Include="queue.h">
      <Filter>Header Files\container</Filter>
    </ClInclude>
    <ClInclude Include="kd_tree.h">
      <Filter>Header Files\tree</Filter>
    </ClInclude>
    <ClInclude Include="num_vector.h">
      <Filter>Header Files\container</Filter>
    </ClInclude>
    <ClInclude Include="stack_l.h">
      <Filter>Header Files\container</Filter>
    </ClInclude>
    <ClInclude Include="queue_l.h">
      <Filter>Header Files\container</Filter>
    </ClInclude>
    <ClInclude Include="num_matrix.h">
      <Filter>Header Files\container</Filter>
    </ClInclude>
    <ClInclude Include="smart_ptr.h">
      <Filter>Header Files\memory</Filter>
    </ClInclude>
    <ClInclude Include="container_test.h">
      <Filter>Header Files\container</Filter>
    </ClInclude>
    <ClInclude Include="quick_sort.h">
      <Filter>Header Files\sort</Filter>
    </ClInclude>
    <ClInclude Include="merge_sort.h">
      <Filter>Header Files\sort</Filter>
    </ClInclude>
    <ClInclude Include="selection_sort.h">
      <Filter>Header Files\sort</Filter>
    </ClInclude>
    <ClInclude Include="insertion_sort.h">
      <Filter>Header Files\sort</Filter>
    </ClInclude>
    <ClInclude Include="heap_sort.h">
      <Filter>Header Files\sort</Filter>
    </ClInclude>
    <ClInclude Include="quick_median.h">
      <Filter>Header Files\sort</Filter>
    </ClInclude>
    <ClInclude Include="k_largest.h">
      <Filter>Header Files\sort</Filter>
    </ClInclude>
    <ClInclude Include="k_sorted.h">
      <Filter>Header Files\sort</Filter>
    </ClInclude>
    <ClInclude Include="red_black_tree.h">
      <Filter>Header Files\tree</Filter>
    </ClInclude>
    <ClInclude Include="priority_queue.h">
      <Filter>Header Files\container</Filter>
    </ClInclude>
    <ClInclude Include="merge_sorted_array.h">
      <Filter>Header Files\sort</Filter>
    </ClInclude>
    <ClInclude Include="binary_search_tree.h">
      <Filter>Header Files\tree</Filter>
    </ClInclude>
    <ClInclude Include="2_3_tree.h">
      <Filter>Header Files\tree</Filter>
    </ClInclude>
    <ClInclude Include="tries.h">
      <Filter>Header Files\tree</Filter>
    </ClInclude>
    <ClInclude Include="b_tree.h">
      <Filter>Header Files\tree</Filter>
    </ClInclude>
    <ClInclude Include="van_emde_boas.h">
      <Filter>Header Files\tree</Filter>
    </ClInclude>
    <ClInclude Include="fibonacci_heaps.h">
      <Filter>Header Files\tree</Filter>
    </ClInclude>
    <ClInclude Include="graph_test.h">
      <Filter>Header Files\graph</Filter>
    </ClInclude>
    <ClInclude Include="bubble_sort.h">
      <Filter>Header Files\sort</Filter>
    </ClInclude>
    <ClInclude Include="merge_sort_bu.h">
      <Filter>Header Files\sort</Filter>
    </ClInclude>
    <ClInclude Include="merge_sort_parallel.h">
      <Filter>Header Files\sort</Filter>
    </ClInclude>
    <ClInclude Include="random_permutation.h">
      <Filter>Header Files\sort</Filter>
    </ClInclude>
    <ClInclude Include="quick_select.h">
      <Filter>Header Files\sort</Filter>
    </ClInclude>
  </ItemGroup>
  <ItemGroup>
    <ClCompile Include="perco_stat.cpp">
      <Filter>Source Files\percolation</Filter>
    </ClCompile>
    <ClCompile Include="percolate.cpp">
      <Filter>Source Files\percolation</Filter>
    </ClCompile>
    <ClCompile Include="quick_union.cpp">
      <Filter>Source Files\percolation</Filter>
    </ClCompile>
    <ClCompile Include="union_find.cpp">
      <Filter>Source Files\percolation</Filter>
    </ClCompile>
    <ClCompile Include="weighted_union.cpp">
      <Filter>Source Files\percolation</Filter>
    </ClCompile>
    <ClCompile Include="main.cpp">
      <Filter>Source Files</Filter>
    </ClCompile>
    <ClCompile Include="undirected_graph.cpp">
      <Filter>Source Files\graph</Filter>
    </ClCompile>
    <ClCompile Include="directed_graph.cpp">
      <Filter>Source Files\graph</Filter>
    </ClCompile>
    <ClCompile Include="container_test.cpp">
      <Filter>Source Files\container</Filter>
    </ClCompile>
    <ClCompile Include="graph_test.cpp">
      <Filter>Source Files\graph</Filter>
    </ClCompile>
  </ItemGroup>
</Project>